
Microsoft Visual Studio Solution File, Format Version 12.00
# Visual Studio Version 16
VisualStudioVersion = 16.0.32106.194
MinimumVisualStudioVersion = 10.0.40219.1
Project("{8BC9CEB8-8B4A-11D0-8D11-00A0C91BC942}") = "Algorithm", "Algorithm.vcxproj", "{BA1DF5EB-DE8C-4056-9787-26F5211946C8}"
EndProject
Project("{8BC9CEB8-8B4A-11D0-8D11-00A0C91BC942}") = "TestEnvirment", "..\TestEnvirment\TestEnvirment.vcxproj", "{AB16269B-61D2-4173-9F4F-42BB60802FA6}"
EndProject
Project("{8BC9CEB8-8B4A-11D0-8D11-00A0C91BC942}") = "part02", "..\part2\part2.vcxproj", "{20EFE1A2-0324-42FF-A067-FDBBFE327977}"
EndProject
Project("{8BC9CEB8-8B4A-11D0-8D11-00A0C91BC942}") = "part03", "..\part3\part3.vcxproj", "{F8B1AF6A-5ABB-40DA-AD2F-860FC0CDA2B9}"
EndProject
Project("{8BC9CEB8-8B4A-11D0-8D11-00A0C91BC942}") = "part04", "..\part4\part4.vcxproj", "{07A182DA-A58D-4337-9889-00FBCF2E751C}"
EndProject
Project("{8BC9CEB8-8B4A-11D0-8D11-00A0C91BC942}") = "part05", "..\part5\part5.vcxproj", "{97C48FFE-799E-4A8F-981F-AA4DBD7728D5}"
EndProject
Project("{8BC9CEB8-8B4A-11D0-8D11-00A0C91BC942}") = "part06", "..\part6\part6.vcxproj", "{7BCF3F62-1C3D-48C6-9CE7-EE349D6DCDCE}"
EndProject
Project("{8BC9CEB8-8B4A-11D0-8D11-00A0C91BC942}") = "part07", "..\part7\part7.vcxproj", "{C0E918CB-9BA0-4BDB-A630-6F7D103A7129}"
EndProject
Project("{8BC9CEB8-8B4A-11D0-8D11-00A0C91BC942}") = "part08", "..\part8\part8.vcxproj", "{4FB90B09-084D-4D0F-866A-E454461E57C0}"
EndProject
Project("{8BC9CEB8-8B4A-11D0-8D11-00A0C91BC942}") = "part10", "..\part10\part10.vcxproj", "{F2A3ED3E-6987-4B6D-8FFC-E3EFB6734CAD}"
EndProject
Project("{8BC9CEB8-8B4A-11D0-8D11-00A0C91BC942}") = "part11", "..\part11\part11.vcxproj", "{3B54CCAC-7ACC-4B66-847B-B1F9B8EF95AB}"
EndProject
Project("{8BC9CEB8-8B4A-11D0-8D11-00A0C91BC942}") = "Problem", "..\Problem\Problem.vcxproj", "{D9B74A3A-A0B7-4F35-98DA-13BCEBA32123}"
EndProject
Global
	GlobalSection(SolutionConfigurationPlatforms) = preSolution
		Debug|x64 = Debug|x64
		Debug|x86 = Debug|x86
		Release|x64 = Release|x64
		Release|x86 = Release|x86
	EndGlobalSection
	GlobalSection(ProjectConfigurationPlatforms) = postSolution
		{BA1DF5EB-DE8C-4056-9787-26F5211946C8}.Debug|x64.ActiveCfg = Debug|x64
		{BA1DF5EB-DE8C-4056-9787-26F5211946C8}.Debug|x64.Build.0 = Debug|x64
		{BA1DF5EB-DE8C-4056-9787-26F5211946C8}.Debug|x86.ActiveCfg = Debug|Win32
		{BA1DF5EB-DE8C-4056-9787-26F5211946C8}.Debug|x86.Build.0 = Debug|Win32
		{BA1DF5EB-DE8C-4056-9787-26F5211946C8}.Release|x64.ActiveCfg = Release|x64
		{BA1DF5EB-DE8C-4056-9787-26F5211946C8}.Release|x64.Build.0 = Release|x64
		{BA1DF5EB-DE8C-4056-9787-26F5211946C8}.Release|x86.ActiveCfg = Release|Win32
		{BA1DF5EB-DE8C-4056-9787-26F5211946C8}.Release|x86.Build.0 = Release|Win32
		{AB16269B-61D2-4173-9F4F-42BB60802FA6}.Debug|x64.ActiveCfg = Debug|x64
		{AB16269B-61D2-4173-9F4F-42BB60802FA6}.Debug|x64.Build.0 = Debug|x64
		{AB16269B-61D2-4173-9F4F-42BB60802FA6}.Debug|x86.ActiveCfg = Debug|Win32
		{AB16269B-61D2-4173-9F4F-42BB60802FA6}.Debug|x86.Build.0 = Debug|Win32
		{AB16269B-61D2-4173-9F4F-42BB60802FA6}.Release|x64.ActiveCfg = Release|x64
		{AB16269B-61D2-4173-9F4F-42BB60802FA6}.Release|x64.Build.0 = Release|x64
		{AB16269B-61D2-4173-9F4F-42BB60802FA6}.Release|x86.ActiveCfg = Release|Win32
		{AB16269B-61D2-4173-9F4F-42BB60802FA6}.Release|x86.Build.0 = Release|Win32
		{20EFE1A2-0324-42FF-A067-FDBBFE327977}.Debug|x64.ActiveCfg = Debug|x64
		{20EFE1A2-0324-42FF-A067-FDBBFE327977}.Debug|x64.Build.0 = Debug|x64
		{20EFE1A2-0324-42FF-A067-FDBBFE327977}.Debug|x86.ActiveCfg = Debug|Win32
		{20EFE1A2-0324-42FF-A067-FDBBFE327977}.Debug|x86.Build.0 = Debug|Win32
		{20EFE1A2-0324-42FF-A067-FDBBFE327977}.Release|x64.ActiveCfg = Release|x64
		{20EFE1A2-0324-42FF-A067-FDBBFE327977}.Release|x64.Build.0 = Release|x64
		{20EFE1A2-0324-42FF-A067-FDBBFE327977}.Release|x86.ActiveCfg = Release|Win32
		{20EFE1A2-0324-42FF-A067-FDBBFE327977}.Release|x86.Build.0 = Release|Win32
		{F8B1AF6A-5ABB-40DA-AD2F-860FC0CDA2B9}.Debug|x64.ActiveCfg = Debug|x64
		{F8B1AF6A-5ABB-40DA-AD2F-860FC0CDA2B9}.Debug|x64.Build.0 = Debug|x64
		{F8B1AF6A-5ABB-40DA-AD2F-860FC0CDA2B9}.Debug|x86.ActiveCfg = Debug|Win32
		{F8B1AF6A-5ABB-40DA-AD2F-860FC0CDA2B9}.Debug|x86.Build.0 = Debug|Win32
		{F8B1AF6A-5ABB-40DA-AD2F-860FC0CDA2B9}.Release|x64.ActiveCfg = Release|x64
		{F8B1AF6A-5ABB-40DA-AD2F-860FC0CDA2B9}.Release|x64.Build.0 = Release|x64
		{F8B1AF6A-5ABB-40DA-AD2F-860FC0CDA2B9}.Release|x86.ActiveCfg = Release|Win32
		{F8B1AF6A-5ABB-40DA-AD2F-860FC0CDA2B9}.Release|x86.Build.0 = Release|Win32
		{07A182DA-A58D-4337-9889-00FBCF2E751C}.Debug|x64.ActiveCfg = Debug|x64
		{07A182DA-A58D-4337-9889-00FBCF2E751C}.Debug|x64.Build.0 = Debug|x64
		{07A182DA-A58D-4337-9889-00FBCF2E751C}.Debug|x86.ActiveCfg = Debug|Win32
		{07A182DA-A58D-4337-9889-00FBCF2E751C}.Debug|x86.Build.0 = Debug|Win32
		{07A182DA-A58D-4337-9889-00FBCF2E751C}.Release|x64.ActiveCfg = Release|x64
		{07A182DA-A58D-4337-9889-00FBCF2E751C}.Release|x64.Build.0 = Release|x64
		{07A182DA-A58D-4337-9889-00FBCF2E751C}.Release|x86.ActiveCfg = Release|Win32
		{07A182DA-A58D-4337-9889-00FBCF2E751C}.Release|x86.Build.0 = Release|Win32
		{97C48FFE-799E-4A8F-981F-AA4DBD7728D5}.Debug|x64.ActiveCfg = Debug|x64
		{97C48FFE-799E-4A8F-981F-AA4DBD7728D5}.Debug|x64.Build.0 = Debug|x64
		{97C48FFE-799E-4A8F-981F-AA4DBD7728D5}.Debug|x86.ActiveCfg = Debug|Win32
		{97C48FFE-799E-4A8F-981F-AA4DBD7728D5}.Debug|x86.Build.0 = Debug|Win32
		{97C48FFE-799E-4A8F-981F-AA4DBD7728D5}.Release|x64.ActiveCfg = Release|x64
		{97C48FFE-799E-4A8F-981F-AA4DBD7728D5}.Release|x64.Build.0 = Release|x64
		{97C48FFE-799E-4A8F-981F-AA4DBD7728D5}.Release|x86.ActiveCfg = Release|Win32
		{97C48FFE-799E-4A8F-981F-AA4DBD7728D5}.Release|x86.Build.0 = Release|Win32
		{7BCF3F62-1C3D-48C6-9CE7-EE349D6DCDCE}.Debug|x64.ActiveCfg = Debug|x64
		{7BCF3F62-1C3D-48C6-9CE7-EE349D6DCDCE}.Debug|x64.Build.0 = Debug|x64
		{7BCF3F62-1C3D-48C6-9CE7-EE349D6DCDCE}.Debug|x86.ActiveCfg = Debug|Win32
		{7BCF3F62-1C3D-48C6-9CE7-EE349D6DCDCE}.Debug|x86.Build.0 = Debug|Win32
		{7BCF3F62-1C3D-48C6-9CE7-EE349D6DCDCE}.Release|x64.ActiveCfg = Release|x64
		{7BCF3F62-1C3D-48C6-9CE7-EE349D6DCDCE}.Release|x64.Build.0 = Release|x64
		{7BCF3F62-1C3D-48C6-9CE7-EE349D6DCDCE}.Release|x86.ActiveCfg = Release|Win32
		{7BCF3F62-1C3D-48C6-9CE7-EE349D6DCDCE}.Release|x86.Build.0 = Release|Win32
		{C0E918CB-9BA0-4BDB-A630-6F7D103A7129}.Debug|x64.ActiveCfg = Debug|x64
		{C0E918CB-9BA0-4BDB-A630-6F7D103A7129}.Debug|x64.Build.0 = Debug|x64
		{C0E918CB-9BA0-4BDB-A630-6F7D103A7129}.Debug|x86.ActiveCfg = Debug|Win32
		{C0E918CB-9BA0-4BDB-A630-6F7D103A7129}.Debug|x86.Build.0 = Debug|Win32
		{C0E918CB-9BA0-4BDB-A630-6F7D103A7129}.Release|x64.ActiveCfg = Release|x64
		{C0E918CB-9BA0-4BDB-A630-6F7D103A7129}.Release|x64.Build.0 = Release|x64
		{C0E918CB-9BA0-4BDB-A630-6F7D103A7129}.Release|x86.ActiveCfg = Release|Win32
		{C0E918CB-9BA0-4BDB-A630-6F7D103A7129}.Release|x86.Build.0 = Release|Win32
		{4FB90B09-084D-4D0F-866A-E454461E57C0}.Debug|x64.ActiveCfg = Debug|x64
		{4FB90B09-084D-4D0F-866A-E454461E57C0}.Debug|x64.Build.0 = Debug|x64
		{4FB90B09-084D-4D0F-866A-E454461E57C0}.Debug|x86.ActiveCfg = Debug|Win32
		{4FB90B09-084D-4D0F-866A-E454461E57C0}.Debug|x86.Build.0 = Debug|Win32
		{4FB90B09-084D-4D0F-866A-E454461E57C0}.Release|x64.ActiveCfg = Release|x64
		{4FB90B09-084D-4D0F-866A-E454461E57C0}.Release|x64.Build.0 = Release|x64
		{4FB90B09-084D-4D0F-866A-E454461E57C0}.Release|x86.ActiveCfg = Release|Win32
		{4FB90B09-084D-4D0F-866A-E454461E57C0}.Release|x86.Build.0 = Release|Win32
		{F2A3ED3E-6987-4B6D-8FFC-E3EFB6734CAD}.Debug|x64.ActiveCfg = Debug|x64
		{F2A3ED3E-6987-4B6D-8FFC-E3EFB6734CAD}.Debug|x64.Build.0 = Debug|x64
		{F2A3ED3E-6987-4B6D-8FFC-E3EFB6734CAD}.Debug|x86.ActiveCfg = Debug|Win32
		{F2A3ED3E-6987-4B6D-8FFC-E3EFB6734CAD}.Debug|x86.Build.0 = Debug|Win32
		{F2A3ED3E-6987-4B6D-8FFC-E3EFB6734CAD}.Release|x64.ActiveCfg = Release|x64
		{F2A3ED3E-6987-4B6D-8FFC-E3EFB6734CAD}.Release|x64.Build.0 = Release|x64
		{F2A3ED3E-6987-4B6D-8FFC-E3EFB6734CAD}.Release|x86.ActiveCfg = Release|Win32
		{F2A3ED3E-6987-4B6D-8FFC-E3EFB6734CAD}.Release|x86.Build.0 = Release|Win32
		{3B54CCAC-7ACC-4B66-847B-B1F9B8EF95AB}.Debug|x64.ActiveCfg = Debug|x64
		{3B54CCAC-7ACC-4B66-847B-B1F9B8EF95AB}.Debug|x64.Build.0 = Debug|x64
		{3B54CCAC-7ACC-4B66-847B-B1F9B8EF95AB}.Debug|x86.ActiveCfg = Debug|Win32
		{3B54CCAC-7ACC-4B66-847B-B1F9B8EF95AB}.Debug|x86.Build.0 = Debug|Win32
		{3B54CCAC-7ACC-4B66-847B-B1F9B8EF95AB}.Release|x64.ActiveCfg = Release|x64
		{3B54CCAC-7ACC-4B66-847B-B1F9B8EF95AB}.Release|x64.Build.0 = Release|x64
		{3B54CCAC-7ACC-4B66-847B-B1F9B8EF95AB}.Release|x86.ActiveCfg = Release|Win32
		{3B54CCAC-7ACC-4B66-847B-B1F9B8EF95AB}.Release|x86.Build.0 = Release|Win32
		{D9B74A3A-A0B7-4F35-98DA-13BCEBA32123}.Debug|x64.ActiveCfg = Debug|x64
		{D9B74A3A-A0B7-4F35-98DA-13BCEBA32123}.Debug|x64.Build.0 = Debug|x64
		{D9B74A3A-A0B7-4F35-98DA-13BCEBA32123}.Debug|x86.ActiveCfg = Debug|Win32
		{D9B74A3A-A0B7-4F35-98DA-13BCEBA32123}.Debug|x86.Build.0 = Debug|Win32
		{D9B74A3A-A0B7-4F35-98DA-13BCEBA32123}.Release|x64.ActiveCfg = Release|x64
		{D9B74A3A-A0B7-4F35-98DA-13BCEBA32123}.Release|x64.Build.0 = Release|x64
		{D9B74A3A-A0B7-4F35-98DA-13BCEBA32123}.Release|x86.ActiveCfg = Release|Win32
		{D9B74A3A-A0B7-4F35-98DA-13BCEBA32123}.Release|x86.Build.0 = Release|Win32
	EndGlobalSection
	GlobalSection(SolutionProperties) = preSolution
		HideSolutionNode = FALSE
	EndGlobalSection
	GlobalSection(ExtensibilityGlobals) = postSolution
		SolutionGuid = {62B7EAD5-BEFD-45DE-9C70-AC63A0508FF6}
	EndGlobalSection
EndGlobal
